
Microsoft Visual Studio Solution File, Format Version 12.00
# Visual Studio 2012
Project("{FAE04EC0-301F-11D3-BF4B-00C04F79EFBC}") = "AppGameOfLife", "AppGameOfLife\AppGameOfLife.csproj", "{53F8B953-A93A-41F9-BBA5-C794E74FA0A2}"
EndProject
Global
	GlobalSection(SolutionConfigurationPlatforms) = preSolution
		Debug|Any CPU = Debug|Any CPU
		Release|Any CPU = Release|Any CPU
	EndGlobalSection
	GlobalSection(ProjectConfigurationPlatforms) = postSolution
		{53F8B953-A93A-41F9-BBA5-C794E74FA0A2}.Debug|Any CPU.ActiveCfg = Debug|Any CPU
		{53F8B953-A93A-41F9-BBA5-C794E74FA0A2}.Debug|Any CPU.Build.0 = Debug|Any CPU
		{53F8B953-A93A-41F9-BBA5-C794E74FA0A2}.Release|Any CPU.ActiveCfg = Release|Any CPU
		{53F8B953-A93A-41F9-BBA5-C794E74FA0A2}.Release|Any CPU.Build.0 = Release|Any CPU
	EndGlobalSection
	GlobalSection(SolutionProperties) = preSolution
		HideSolutionNode = FALSE
	EndGlobalSection
EndGlobal
